{
  "originHash" : "a1e9ff7fd7df5e42d651631e1b340c1207935daf8bd82d7dd56fee70bc87423b",
  "pins" : [
    {
      "identity" : "clockhandkit",
      "kind" : "remoteSourceControl",
      "location" : "https://github.com/giljihun/ClockHandKit.git",
      "state" : {
        "revision" : "959188c4384d4040066bf49486faa4bebf33266a",
        "version" : "0.1.2"
      }
    }
  ],
  "version" : 3
}
